// !$*UTF8*$!
{
	archiveVersion = 1;
	classes = {
	};
	objectVersion = 56;
	objects = {

/* Begin PBXBuildFile section */
		BB2E887E2A92F7DE00BF5DC7 /* PDFMerge.swift in Sources */ = {isa = PBXBuildFile; fileRef = BB2E887D2A92F7DE00BF5DC7 /* PDFMerge.swift */; };
		BB2E88802A9342A400BF5DC7 /* PDFSplit.swift in Sources */ = {isa = PBXBuildFile; fileRef = BB2E887F2A9342A400BF5DC7 /* PDFSplit.swift */; };
		BB2E88822A93463200BF5DC7 /* PDFRotation.swift in Sources */ = {isa = PBXBuildFile; fileRef = BB2E88812A93463200BF5DC7 /* PDFRotation.swift */; };
		BB2E88842A93531400BF5DC7 /* PDFInsert.swift in Sources */ = {isa = PBXBuildFile; fileRef = BB2E88832A93531400BF5DC7 /* PDFInsert.swift */; };
		BB2E88862A93556B00BF5DC7 /* PDFExtract.swift in Sources */ = {isa = PBXBuildFile; fileRef = BB2E88852A93556B00BF5DC7 /* PDFExtract.swift */; };
		BB2E88882A9357EB00BF5DC7 /* PDFToWord.swift in Sources */ = {isa = PBXBuildFile; fileRef = BB2E88872A9357EB00BF5DC7 /* PDFToWord.swift */; };
		BB2E888A2A935C3C00BF5DC7 /* PDFToExcel.swift in Sources */ = {isa = PBXBuildFile; fileRef = BB2E88892A935C3C00BF5DC7 /* PDFToExcel.swift */; };
		BB2E888C2A935DB600BF5DC7 /* PDFToPPT.swift in Sources */ = {isa = PBXBuildFile; fileRef = BB2E888B2A935DB600BF5DC7 /* PDFToPPT.swift */; };
		BB2E888E2A93600200BF5DC7 /* PDFToHTML.swift in Sources */ = {isa = PBXBuildFile; fileRef = BB2E888D2A93600200BF5DC7 /* PDFToHTML.swift */; };
		BB2E88902A93622D00BF5DC7 /* PDFToTXT.swift in Sources */ = {isa = PBXBuildFile; fileRef = BB2E888F2A93622D00BF5DC7 /* PDFToTXT.swift */; };
		BB2E88922A9364CD00BF5DC7 /* PDFToCSV.swift in Sources */ = {isa = PBXBuildFile; fileRef = BB2E88912A9364CD00BF5DC7 /* PDFToCSV.swift */; };
		BB2E88942A9365F900BF5DC7 /* PDFToRTF.swift in Sources */ = {isa = PBXBuildFile; fileRef = BB2E88932A9365F900BF5DC7 /* PDFToRTF.swift */; };
		BB2E88962A9367D900BF5DC7 /* PDFToJPG.swift in Sources */ = {isa = PBXBuildFile; fileRef = BB2E88952A9367D900BF5DC7 /* PDFToJPG.swift */; };
		BB2E88982A936ADE00BF5DC7 /* PDFToPNG.swift in Sources */ = {isa = PBXBuildFile; fileRef = BB2E88972A936ADE00BF5DC7 /* PDFToPNG.swift */; };
		BB2E889A2A936CD900BF5DC7 /* WordToPDF.swift in Sources */ = {isa = PBXBuildFile; fileRef = BB2E88992A936CD900BF5DC7 /* WordToPDF.swift */; };
		BB2E889E2A9385F800BF5DC7 /* OCR.swift in Sources */ = {isa = PBXBuildFile; fileRef = BB2E889D2A9385F800BF5DC7 /* OCR.swift */; };
		BB2E88A02A93863B00BF5DC7 /* CPDFDocumentAI.swift in Sources */ = {isa = PBXBuildFile; fileRef = BB2E889F2A93863B00BF5DC7 /* CPDFDocumentAI.swift */; };
		BB2E88A22A93871400BF5DC7 /* test.png in Resources */ = {isa = PBXBuildFile; fileRef = BB2E88A12A93871400BF5DC7 /* test.png */; };
		BB414F1E2A8DF41700D30617 /* AppDelegate.swift in Sources */ = {isa = PBXBuildFile; fileRef = BB414F1D2A8DF41700D30617 /* AppDelegate.swift */; };
		BB414F202A8DF41700D30617 /* ViewController.swift in Sources */ = {isa = PBXBuildFile; fileRef = BB414F1F2A8DF41700D30617 /* ViewController.swift */; };
		BB414F222A8DF41900D30617 /* Assets.xcassets in Resources */ = {isa = PBXBuildFile; fileRef = BB414F212A8DF41900D30617 /* Assets.xcassets */; };
		BB414F252A8DF41900D30617 /* Main.storyboard in Resources */ = {isa = PBXBuildFile; fileRef = BB414F232A8DF41900D30617 /* Main.storyboard */; };
		BB414F332A8DFA1400D30617 /* CPDFUtil.swift in Sources */ = {isa = PBXBuildFile; fileRef = BB414F322A8DFA1400D30617 /* CPDFUtil.swift */; };
		BB414F352A8DFA5500D30617 /* CPDFConversion.swift in Sources */ = {isa = PBXBuildFile; fileRef = BB414F342A8DFA5500D30617 /* CPDFConversion.swift */; };
		BB414F392A8DFA7900D30617 /* CPDFException.swift in Sources */ = {isa = PBXBuildFile; fileRef = BB414F382A8DFA7900D30617 /* CPDFException.swift */; };
		BB414F3B2A8DFA8700D30617 /* CPDFClient.swift in Sources */ = {isa = PBXBuildFile; fileRef = BB414F3A2A8DFA8700D30617 /* CPDFClient.swift */; };
		BB414F3D2A8DFA9200D30617 /* CPDFHttpClient.swift in Sources */ = {isa = PBXBuildFile; fileRef = BB414F3C2A8DFA9200D30617 /* CPDFHttpClient.swift */; };
		BB414F402A8DFB0100D30617 /* PDFDelete.swift in Sources */ = {isa = PBXBuildFile; fileRef = BB414F3F2A8DFB0100D30617 /* PDFDelete.swift */; };
		BB414F422A8E03D600D30617 /* CPDFURL.swift in Sources */ = {isa = PBXBuildFile; fileRef = BB414F412A8E03D600D30617 /* CPDFURL.swift */; };
		BB414F442A8E04E100D30617 /* CPDFDocumentEditor.swift in Sources */ = {isa = PBXBuildFile; fileRef = BB414F432A8E04E100D30617 /* CPDFDocumentEditor.swift */; };
		BB600F152A9442D800026A2D /* LayoutAnalysis.swift in Sources */ = {isa = PBXBuildFile; fileRef = BB600F142A9442D800026A2D /* LayoutAnalysis.swift */; };
		BB600F172A9443C300026A2D /* test.jpg in Resources */ = {isa = PBXBuildFile; fileRef = BB600F162A9443C300026A2D /* test.jpg */; };
		BB600F192A94449F00026A2D /* ImageSharpeningEnhancement.swift in Sources */ = {isa = PBXBuildFile; fileRef = BB600F182A94449F00026A2D /* ImageSharpeningEnhancement.swift */; };
		BB600F1B2A94455400026A2D /* FormRecognizer.swift in Sources */ = {isa = PBXBuildFile; fileRef = BB600F1A2A94455400026A2D /* FormRecognizer.swift */; };
		BB600F1D2A94479300026A2D /* test2.jpg in Resources */ = {isa = PBXBuildFile; fileRef = BB600F1C2A94479300026A2D /* test2.jpg */; };
		BB600F1F2A944B2500026A2D /* TrimCorrection.swift in Sources */ = {isa = PBXBuildFile; fileRef = BB600F1E2A944B2500026A2D /* TrimCorrection.swift */; };
		BB600F212A94502600026A2D /* StampInspection.swift in Sources */ = {isa = PBXBuildFile; fileRef = BB600F202A94502600026A2D /* StampInspection.swift */; };
		BB600F232A9450FA00026A2D /* AddWatermark.swift in Sources */ = {isa = PBXBuildFile; fileRef = BB600F222A9450FA00026A2D /* AddWatermark.swift */; };
		BB600F252A94574600026A2D /* DeleteWatermark.swift in Sources */ = {isa = PBXBuildFile; fileRef = BB600F242A94574600026A2D /* DeleteWatermark.swift */; };
		BB600F272A94584E00026A2D /* PDFCompression.swift in Sources */ = {isa = PBXBuildFile; fileRef = BB600F262A94584E00026A2D /* PDFCompression.swift */; };
		BB600F292A94654000026A2D /* ExcelToPDF.swift in Sources */ = {isa = PBXBuildFile; fileRef = BB600F282A94654000026A2D /* ExcelToPDF.swift */; };
		BB600F2B2A94665D00026A2D /* test.xlsx in Resources */ = {isa = PBXBuildFile; fileRef = BB600F2A2A94665D00026A2D /* test.xlsx */; };
		BB600F2D2A94676200026A2D /* PPTToPDF.swift in Sources */ = {isa = PBXBuildFile; fileRef = BB600F2C2A94676200026A2D /* PPTToPDF.swift */; };
		BB600F2F2A9467E400026A2D /* test.pptx in Resources */ = {isa = PBXBuildFile; fileRef = BB600F2E2A9467E400026A2D /* test.pptx */; };
		BB600F312A94687400026A2D /* PNGToPDF.swift in Sources */ = {isa = PBXBuildFile; fileRef = BB600F302A94687400026A2D /* PNGToPDF.swift */; };
		BB600F332A94692700026A2D /* TXTToPDF.swift in Sources */ = {isa = PBXBuildFile; fileRef = BB600F322A94692700026A2D /* TXTToPDF.swift */; };
		BB600F352A9469B600026A2D /* test.txt in Resources */ = {isa = PBXBuildFile; fileRef = BB600F342A9469B600026A2D /* test.txt */; };
		BB600F372A946A1C00026A2D /* HTMLToPDF.swift in Sources */ = {isa = PBXBuildFile; fileRef = BB600F362A946A1C00026A2D /* HTMLToPDF.swift */; };
		BB600F392A94977B00026A2D /* test.html in Resources */ = {isa = PBXBuildFile; fileRef = BB600F382A94977B00026A2D /* test.html */; };
		BB600F3B2A949CE500026A2D /* RTFToPDF.swift in Sources */ = {isa = PBXBuildFile; fileRef = BB600F3A2A949CE500026A2D /* RTFToPDF.swift */; };
		BB600F3D2A949E4B00026A2D /* test.rtf in Resources */ = {isa = PBXBuildFile; fileRef = BB600F3C2A949E4B00026A2D /* test.rtf */; };
		BB600F3F2A949EE600026A2D /* CSVToPDF.swift in Sources */ = {isa = PBXBuildFile; fileRef = BB600F3E2A949EE600026A2D /* CSVToPDF.swift */; };
		BB600F412A949FA300026A2D /* test.csv in Resources */ = {isa = PBXBuildFile; fileRef = BB600F402A949FA300026A2D /* test.csv */; };
		BB600F432A94A33800026A2D /* test.pdf in Resources */ = {isa = PBXBuildFile; fileRef = BB600F422A94A33800026A2D /* test.pdf */; };
		BB600F452A94B55900026A2D /* test.docx in Resources */ = {isa = PBXBuildFile; fileRef = BB600F442A94B55900026A2D /* test.docx */; };
		BB650C3F2A9D8B1300BDBF92 /* CPDFResultMap.swift in Sources */ = {isa = PBXBuildFile; fileRef = BB650C3E2A9D8B1300BDBF92 /* CPDFResultMap.swift */; };
		BB650C412A9D913C00BDBF92 /* CPDFOauthResult.swift in Sources */ = {isa = PBXBuildFile; fileRef = BB650C402A9D913C00BDBF92 /* CPDFOauthResult.swift */; };
		BB650C432A9D93C900BDBF92 /* CPDFCreateTaskResult.swift in Sources */ = {isa = PBXBuildFile; fileRef = BB650C422A9D93C900BDBF92 /* CPDFCreateTaskResult.swift */; };
		BB650C452A9D9C2600BDBF92 /* CPDFUploadFileResult.swift in Sources */ = {isa = PBXBuildFile; fileRef = BB650C442A9D9C2600BDBF92 /* CPDFUploadFileResult.swift */; };
		BB650C472A9DB70500BDBF92 /* CPDFTaskInfoResult.swift in Sources */ = {isa = PBXBuildFile; fileRef = BB650C462A9DB70500BDBF92 /* CPDFTaskInfoResult.swift */; };
		BBAC8C0E2A984B1F00DB33A2 /* CPDFResultFileInfo.swift in Sources */ = {isa = PBXBuildFile; fileRef = BBAC8C0D2A984B1F00DB33A2 /* CPDFResultFileInfo.swift */; };
		BBAC8C102A987FE500DB33A2 /* test_html.pdf in Resources */ = {isa = PBXBuildFile; fileRef = BBAC8C0F2A987FE500DB33A2 /* test_html.pdf */; };
		BBAC8C122A98807700DB33A2 /* test_html.jpg in Resources */ = {isa = PBXBuildFile; fileRef = BBAC8C112A98807700DB33A2 /* test_html.jpg */; };
		BBAC8C142A98832500DB33A2 /* IMG_00001(2).pdf in Resources */ = {isa = PBXBuildFile; fileRef = BBAC8C132A98832500DB33A2 /* IMG_00001(2).pdf */; };
		BBAC8C162A98848500DB33A2 /* IMG_00001(2).jpg in Resources */ = {isa = PBXBuildFile; fileRef = BBAC8C152A98848500DB33A2 /* IMG_00001(2).jpg */; };
		BBAC8C182A988A0B00DB33A2 /* README.md in Resources */ = {isa = PBXBuildFile; fileRef = BBAC8C172A988A0B00DB33A2 /* README.md */; };
		BBAC8C1A2A98AE9500DB33A2 /* test_password.pdf in Resources */ = {isa = PBXBuildFile; fileRef = BBAC8C192A98AE9500DB33A2 /* test_password.pdf */; };
/* End PBXBuildFile section */

/* Begin PBXFileReference section */
		BB2E887D2A92F7DE00BF5DC7 /* PDFMerge.swift */ = {isa = PBXFileReference; lastKnownFileType = sourcecode.swift; path = PDFMerge.swift; sourceTree = "<group>"; };
		BB2E887F2A9342A400BF5DC7 /* PDFSplit.swift */ = {isa = PBXFileReference; lastKnownFileType = sourcecode.swift; path = PDFSplit.swift; sourceTree = "<group>"; };
		BB2E88812A93463200BF5DC7 /* PDFRotation.swift */ = {isa = PBXFileReference; lastKnownFileType = sourcecode.swift; path = PDFRotation.swift; sourceTree = "<group>"; };
		BB2E88832A93531400BF5DC7 /* PDFInsert.swift */ = {isa = PBXFileReference; lastKnownFileType = sourcecode.swift; path = PDFInsert.swift; sourceTree = "<group>"; };
		BB2E88852A93556B00BF5DC7 /* PDFExtract.swift */ = {isa = PBXFileReference; lastKnownFileType = sourcecode.swift; path = PDFExtract.swift; sourceTree = "<group>"; };
		BB2E88872A9357EB00BF5DC7 /* PDFToWord.swift */ = {isa = PBXFileReference; lastKnownFileType = sourcecode.swift; path = PDFToWord.swift; sourceTree = "<group>"; };
		BB2E88892A935C3C00BF5DC7 /* PDFToExcel.swift */ = {isa = PBXFileReference; lastKnownFileType = sourcecode.swift; path = PDFToExcel.swift; sourceTree = "<group>"; };
		BB2E888B2A935DB600BF5DC7 /* PDFToPPT.swift */ = {isa = PBXFileReference; lastKnownFileType = sourcecode.swift; path = PDFToPPT.swift; sourceTree = "<group>"; };
		BB2E888D2A93600200BF5DC7 /* PDFToHTML.swift */ = {isa = PBXFileReference; lastKnownFileType = sourcecode.swift; path = PDFToHTML.swift; sourceTree = "<group>"; };
		BB2E888F2A93622D00BF5DC7 /* PDFToTXT.swift */ = {isa = PBXFileReference; lastKnownFileType = sourcecode.swift; path = PDFToTXT.swift; sourceTree = "<group>"; };
		BB2E88912A9364CD00BF5DC7 /* PDFToCSV.swift */ = {isa = PBXFileReference; lastKnownFileType = sourcecode.swift; path = PDFToCSV.swift; sourceTree = "<group>"; };
		BB2E88932A9365F900BF5DC7 /* PDFToRTF.swift */ = {isa = PBXFileReference; lastKnownFileType = sourcecode.swift; path = PDFToRTF.swift; sourceTree = "<group>"; };
		BB2E88952A9367D900BF5DC7 /* PDFToJPG.swift */ = {isa = PBXFileReference; lastKnownFileType = sourcecode.swift; path = PDFToJPG.swift; sourceTree = "<group>"; };
		BB2E88972A936ADE00BF5DC7 /* PDFToPNG.swift */ = {isa = PBXFileReference; lastKnownFileType = sourcecode.swift; path = PDFToPNG.swift; sourceTree = "<group>"; };
		BB2E88992A936CD900BF5DC7 /* WordToPDF.swift */ = {isa = PBXFileReference; lastKnownFileType = sourcecode.swift; path = WordToPDF.swift; sourceTree = "<group>"; };
		BB2E889D2A9385F800BF5DC7 /* OCR.swift */ = {isa = PBXFileReference; lastKnownFileType = sourcecode.swift; path = OCR.swift; sourceTree = "<group>"; };
		BB2E889F2A93863B00BF5DC7 /* CPDFDocumentAI.swift */ = {isa = PBXFileReference; lastKnownFileType = sourcecode.swift; path = CPDFDocumentAI.swift; sourceTree = "<group>"; };
		BB2E88A12A93871400BF5DC7 /* test.png */ = {isa = PBXFileReference; lastKnownFileType = image.png; path = test.png; sourceTree = "<group>"; };
		BB414F1A2A8DF41700D30617 /* MyApiLibraryDemo.app */ = {isa = PBXFileReference; explicitFileType = wrapper.application; includeInIndex = 0; path = MyApiLibraryDemo.app; sourceTree = BUILT_PRODUCTS_DIR; };
		BB414F1D2A8DF41700D30617 /* AppDelegate.swift */ = {isa = PBXFileReference; lastKnownFileType = sourcecode.swift; path = AppDelegate.swift; sourceTree = "<group>"; };
		BB414F1F2A8DF41700D30617 /* ViewController.swift */ = {isa = PBXFileReference; lastKnownFileType = sourcecode.swift; path = ViewController.swift; sourceTree = "<group>"; };
		BB414F212A8DF41900D30617 /* Assets.xcassets */ = {isa = PBXFileReference; lastKnownFileType = folder.assetcatalog; path = Assets.xcassets; sourceTree = "<group>"; };
		BB414F242A8DF41900D30617 /* Base */ = {isa = PBXFileReference; lastKnownFileType = file.storyboard; name = Base; path = Base.lproj/Main.storyboard; sourceTree = "<group>"; };
		BB414F262A8DF41900D30617 /* MyApiLibraryDemo.entitlements */ = {isa = PBXFileReference; lastKnownFileType = text.plist.entitlements; path = MyApiLibraryDemo.entitlements; sourceTree = "<group>"; };
		BB414F322A8DFA1400D30617 /* CPDFUtil.swift */ = {isa = PBXFileReference; lastKnownFileType = sourcecode.swift; path = CPDFUtil.swift; sourceTree = "<group>"; };
		BB414F342A8DFA5500D30617 /* CPDFConversion.swift */ = {isa = PBXFileReference; lastKnownFileType = sourcecode.swift; path = CPDFConversion.swift; sourceTree = "<group>"; };
		BB414F382A8DFA7900D30617 /* CPDFException.swift */ = {isa = PBXFileReference; lastKnownFileType = sourcecode.swift; path = CPDFException.swift; sourceTree = "<group>"; };
		BB414F3A2A8DFA8700D30617 /* CPDFClient.swift */ = {isa = PBXFileReference; lastKnownFileType = sourcecode.swift; path = CPDFClient.swift; sourceTree = "<group>"; };
		BB414F3C2A8DFA9200D30617 /* CPDFHttpClient.swift */ = {isa = PBXFileReference; lastKnownFileType = sourcecode.swift; path = CPDFHttpClient.swift; sourceTree = "<group>"; };
		BB414F3F2A8DFB0100D30617 /* PDFDelete.swift */ = {isa = PBXFileReference; lastKnownFileType = sourcecode.swift; path = PDFDelete.swift; sourceTree = "<group>"; };
		BB414F412A8E03D600D30617 /* CPDFURL.swift */ = {isa = PBXFileReference; lastKnownFileType = sourcecode.swift; path = CPDFURL.swift; sourceTree = "<group>"; };
		BB414F432A8E04E100D30617 /* CPDFDocumentEditor.swift */ = {isa = PBXFileReference; lastKnownFileType = sourcecode.swift; path = CPDFDocumentEditor.swift; sourceTree = "<group>"; };
		BB600F142A9442D800026A2D /* LayoutAnalysis.swift */ = {isa = PBXFileReference; lastKnownFileType = sourcecode.swift; path = LayoutAnalysis.swift; sourceTree = "<group>"; };
		BB600F162A9443C300026A2D /* test.jpg */ = {isa = PBXFileReference; lastKnownFileType = image.jpeg; path = test.jpg; sourceTree = "<group>"; };
		BB600F182A94449F00026A2D /* ImageSharpeningEnhancement.swift */ = {isa = PBXFileReference; lastKnownFileType = sourcecode.swift; path = ImageSharpeningEnhancement.swift; sourceTree = "<group>"; };
		BB600F1A2A94455400026A2D /* FormRecognizer.swift */ = {isa = PBXFileReference; lastKnownFileType = sourcecode.swift; path = FormRecognizer.swift; sourceTree = "<group>"; };
		BB600F1C2A94479300026A2D /* test2.jpg */ = {isa = PBXFileReference; lastKnownFileType = image.jpeg; path = test2.jpg; sourceTree = "<group>"; };
		BB600F1E2A944B2500026A2D /* TrimCorrection.swift */ = {isa = PBXFileReference; lastKnownFileType = sourcecode.swift; path = TrimCorrection.swift; sourceTree = "<group>"; };
		BB600F202A94502600026A2D /* StampInspection.swift */ = {isa = PBXFileReference; lastKnownFileType = sourcecode.swift; path = StampInspection.swift; sourceTree = "<group>"; };
		BB600F222A9450FA00026A2D /* AddWatermark.swift */ = {isa = PBXFileReference; lastKnownFileType = sourcecode.swift; path = AddWatermark.swift; sourceTree = "<group>"; };
		BB600F242A94574600026A2D /* DeleteWatermark.swift */ = {isa = PBXFileReference; lastKnownFileType = sourcecode.swift; path = DeleteWatermark.swift; sourceTree = "<group>"; };
		BB600F262A94584E00026A2D /* PDFCompression.swift */ = {isa = PBXFileReference; lastKnownFileType = sourcecode.swift; path = PDFCompression.swift; sourceTree = "<group>"; };
		BB600F282A94654000026A2D /* ExcelToPDF.swift */ = {isa = PBXFileReference; lastKnownFileType = sourcecode.swift; path = ExcelToPDF.swift; sourceTree = "<group>"; };
		BB600F2A2A94665D00026A2D /* test.xlsx */ = {isa = PBXFileReference; lastKnownFileType = file; path = test.xlsx; sourceTree = "<group>"; };
		BB600F2C2A94676200026A2D /* PPTToPDF.swift */ = {isa = PBXFileReference; lastKnownFileType = sourcecode.swift; path = PPTToPDF.swift; sourceTree = "<group>"; };
		BB600F2E2A9467E400026A2D /* test.pptx */ = {isa = PBXFileReference; lastKnownFileType = file; path = test.pptx; sourceTree = "<group>"; };
		BB600F302A94687400026A2D /* PNGToPDF.swift */ = {isa = PBXFileReference; lastKnownFileType = sourcecode.swift; path = PNGToPDF.swift; sourceTree = "<group>"; };
		BB600F322A94692700026A2D /* TXTToPDF.swift */ = {isa = PBXFileReference; lastKnownFileType = sourcecode.swift; path = TXTToPDF.swift; sourceTree = "<group>"; };
		BB600F342A9469B600026A2D /* test.txt */ = {isa = PBXFileReference; fileEncoding = 4; lastKnownFileType = text; path = test.txt; sourceTree = "<group>"; };
		BB600F362A946A1C00026A2D /* HTMLToPDF.swift */ = {isa = PBXFileReference; lastKnownFileType = sourcecode.swift; path = HTMLToPDF.swift; sourceTree = "<group>"; };
		BB600F382A94977B00026A2D /* test.html */ = {isa = PBXFileReference; fileEncoding = 4; lastKnownFileType = text.html; path = test.html; sourceTree = "<group>"; };
		BB600F3A2A949CE500026A2D /* RTFToPDF.swift */ = {isa = PBXFileReference; lastKnownFileType = sourcecode.swift; path = RTFToPDF.swift; sourceTree = "<group>"; };
		BB600F3C2A949E4B00026A2D /* test.rtf */ = {isa = PBXFileReference; fileEncoding = 4; lastKnownFileType = text.rtf; path = test.rtf; sourceTree = "<group>"; };
		BB600F3E2A949EE600026A2D /* CSVToPDF.swift */ = {isa = PBXFileReference; lastKnownFileType = sourcecode.swift; path = CSVToPDF.swift; sourceTree = "<group>"; };
		BB600F402A949FA300026A2D /* test.csv */ = {isa = PBXFileReference; fileEncoding = 4; lastKnownFileType = text; path = test.csv; sourceTree = "<group>"; };
		BB600F422A94A33800026A2D /* test.pdf */ = {isa = PBXFileReference; lastKnownFileType = image.pdf; path = test.pdf; sourceTree = "<group>"; };
		BB600F442A94B55900026A2D /* test.docx */ = {isa = PBXFileReference; lastKnownFileType = file; path = test.docx; sourceTree = "<group>"; };
		BB650C3E2A9D8B1300BDBF92 /* CPDFResultMap.swift */ = {isa = PBXFileReference; lastKnownFileType = sourcecode.swift; path = CPDFResultMap.swift; sourceTree = "<group>"; };
		BB650C402A9D913C00BDBF92 /* CPDFOauthResult.swift */ = {isa = PBXFileReference; lastKnownFileType = sourcecode.swift; path = CPDFOauthResult.swift; sourceTree = "<group>"; };
		BB650C422A9D93C900BDBF92 /* CPDFCreateTaskResult.swift */ = {isa = PBXFileReference; lastKnownFileType = sourcecode.swift; path = CPDFCreateTaskResult.swift; sourceTree = "<group>"; };
		BB650C442A9D9C2600BDBF92 /* CPDFUploadFileResult.swift */ = {isa = PBXFileReference; lastKnownFileType = sourcecode.swift; path = CPDFUploadFileResult.swift; sourceTree = "<group>"; };
		BB650C462A9DB70500BDBF92 /* CPDFTaskInfoResult.swift */ = {isa = PBXFileReference; lastKnownFileType = sourcecode.swift; path = CPDFTaskInfoResult.swift; sourceTree = "<group>"; };
		BBAC8C0D2A984B1F00DB33A2 /* CPDFResultFileInfo.swift */ = {isa = PBXFileReference; lastKnownFileType = sourcecode.swift; path = CPDFResultFileInfo.swift; sourceTree = "<group>"; };
		BBAC8C0F2A987FE500DB33A2 /* test_html.pdf */ = {isa = PBXFileReference; lastKnownFileType = image.pdf; path = test_html.pdf; sourceTree = "<group>"; };
		BBAC8C112A98807700DB33A2 /* test_html.jpg */ = {isa = PBXFileReference; lastKnownFileType = image.jpeg; path = test_html.jpg; sourceTree = "<group>"; };
		BBAC8C132A98832500DB33A2 /* IMG_00001(2).pdf */ = {isa = PBXFileReference; lastKnownFileType = image.pdf; path = "IMG_00001(2).pdf"; sourceTree = "<group>"; };
		BBAC8C152A98848500DB33A2 /* IMG_00001(2).jpg */ = {isa = PBXFileReference; lastKnownFileType = image.jpeg; path = "IMG_00001(2).jpg"; sourceTree = "<group>"; };
		BBAC8C172A988A0B00DB33A2 /* README.md */ = {isa = PBXFileReference; fileEncoding = 4; lastKnownFileType = net.daringfireball.markdown; path = README.md; sourceTree = SOURCE_ROOT; };
		BBAC8C192A98AE9500DB33A2 /* test_password.pdf */ = {isa = PBXFileReference; lastKnownFileType = image.pdf; path = test_password.pdf; sourceTree = "<group>"; };
		BBDA10BC2A8F687D0046A07C /* MyApiLibraryDemo-Bridging-Header.h */ = {isa = PBXFileReference; lastKnownFileType = sourcecode.c.h; path = "MyApiLibraryDemo-Bridging-Header.h"; sourceTree = "<group>"; };
/* End PBXFileReference section */

/* Begin PBXFrameworksBuildPhase section */
		BB414F172A8DF41700D30617 /* Frameworks */ = {
			isa = PBXFrameworksBuildPhase;
			buildActionMask = 2147483647;
			files = (
			);
			runOnlyForDeploymentPostprocessing = 0;
		};
/* End PBXFrameworksBuildPhase section */

/* Begin PBXGroup section */
		BB414F112A8DF41700D30617 = {
			isa = PBXGroup;
			children = (
				BB414F1C2A8DF41700D30617 /* MyApiLibraryDemo */,
				BB414F1B2A8DF41700D30617 /* Products */,
			);
			sourceTree = "<group>";
		};
		BB414F1B2A8DF41700D30617 /* Products */ = {
			isa = PBXGroup;
			children = (
				BB414F1A2A8DF41700D30617 /* MyApiLibraryDemo.app */,
			);
			name = Products;
			sourceTree = "<group>";
		};
		BB414F1C2A8DF41700D30617 /* MyApiLibraryDemo */ = {
			isa = PBXGroup;
			children = (
				BBAC8C172A988A0B00DB33A2 /* README.md */,
				BBDA107E2A8F47AF0046A07C /* resource */,
				BB414F3E2A8DFAEC00D30617 /* samples */,
				BB414F2C2A8DF9F500D30617 /* src */,
				BB414F1D2A8DF41700D30617 /* AppDelegate.swift */,
				BB414F1F2A8DF41700D30617 /* ViewController.swift */,
				BBDA10BC2A8F687D0046A07C /* MyApiLibraryDemo-Bridging-Header.h */,
				BB414F212A8DF41900D30617 /* Assets.xcassets */,
				BB414F232A8DF41900D30617 /* Main.storyboard */,
				BB414F262A8DF41900D30617 /* MyApiLibraryDemo.entitlements */,
			);
			path = MyApiLibraryDemo;
			sourceTree = "<group>";
		};
		BB414F2C2A8DF9F500D30617 /* src */ = {
			isa = PBXGroup;
			children = (
				BB414F2D2A8DF9F500D30617 /* Util */,
				BB414F2E2A8DF9F500D30617 /* Constant */,
				BB414F2F2A8DF9F500D30617 /* Resource */,
				BB414F302A8DF9F500D30617 /* Exception */,
				BB414F312A8DF9F500D30617 /* Client */,
			);
			path = src;
			sourceTree = "<group>";
		};
		BB414F2D2A8DF9F500D30617 /* Util */ = {
			isa = PBXGroup;
			children = (
				BB414F322A8DFA1400D30617 /* CPDFUtil.swift */,
			);
			path = Util;
			sourceTree = "<group>";
		};
		BB414F2E2A8DF9F500D30617 /* Constant */ = {
			isa = PBXGroup;
			children = (
				BB414F342A8DFA5500D30617 /* CPDFConversion.swift */,
				BB414F412A8E03D600D30617 /* CPDFURL.swift */,
				BB414F432A8E04E100D30617 /* CPDFDocumentEditor.swift */,
				BB2E889F2A93863B00BF5DC7 /* CPDFDocumentAI.swift */,
			);
			path = Constant;
			sourceTree = "<group>";
		};
		BB414F2F2A8DF9F500D30617 /* Resource */ = {
			isa = PBXGroup;
			children = (
				BBAC8C0D2A984B1F00DB33A2 /* CPDFResultFileInfo.swift */,
				BB650C3E2A9D8B1300BDBF92 /* CPDFResultMap.swift */,
				BB650C402A9D913C00BDBF92 /* CPDFOauthResult.swift */,
				BB650C422A9D93C900BDBF92 /* CPDFCreateTaskResult.swift */,
				BB650C462A9DB70500BDBF92 /* CPDFTaskInfoResult.swift */,
				BB650C442A9D9C2600BDBF92 /* CPDFUploadFileResult.swift */,
			);
			path = Resource;
			sourceTree = "<group>";
		};
		BB414F302A8DF9F500D30617 /* Exception */ = {
			isa = PBXGroup;
			children = (
				BB414F382A8DFA7900D30617 /* CPDFException.swift */,
			);
			path = Exception;
			sourceTree = "<group>";
		};
		BB414F312A8DF9F500D30617 /* Client */ = {
			isa = PBXGroup;
			children = (
				BB414F3A2A8DFA8700D30617 /* CPDFClient.swift */,
				BB414F3C2A8DFA9200D30617 /* CPDFHttpClient.swift */,
			);
			path = Client;
			sourceTree = "<group>";
		};
		BB414F3E2A8DFAEC00D30617 /* samples */ = {
			isa = PBXGroup;
			children = (
				BB414F3F2A8DFB0100D30617 /* PDFDelete.swift */,
				BB2E887D2A92F7DE00BF5DC7 /* PDFMerge.swift */,
				BB2E887F2A9342A400BF5DC7 /* PDFSplit.swift */,
				BB2E88812A93463200BF5DC7 /* PDFRotation.swift */,
				BB2E88832A93531400BF5DC7 /* PDFInsert.swift */,
				BB2E88852A93556B00BF5DC7 /* PDFExtract.swift */,
				BB2E88872A9357EB00BF5DC7 /* PDFToWord.swift */,
				BB2E88892A935C3C00BF5DC7 /* PDFToExcel.swift */,
				BB2E888B2A935DB600BF5DC7 /* PDFToPPT.swift */,
				BB2E888D2A93600200BF5DC7 /* PDFToHTML.swift */,
				BB2E888F2A93622D00BF5DC7 /* PDFToTXT.swift */,
				BB2E88912A9364CD00BF5DC7 /* PDFToCSV.swift */,
				BB2E88932A9365F900BF5DC7 /* PDFToRTF.swift */,
				BB2E88952A9367D900BF5DC7 /* PDFToJPG.swift */,
				BB2E88972A936ADE00BF5DC7 /* PDFToPNG.swift */,
				BB2E88992A936CD900BF5DC7 /* WordToPDF.swift */,
				BB600F282A94654000026A2D /* ExcelToPDF.swift */,
				BB600F2C2A94676200026A2D /* PPTToPDF.swift */,
				BB600F302A94687400026A2D /* PNGToPDF.swift */,
				BB600F322A94692700026A2D /* TXTToPDF.swift */,
				BB600F362A946A1C00026A2D /* HTMLToPDF.swift */,
				BB600F3A2A949CE500026A2D /* RTFToPDF.swift */,
				BB600F3E2A949EE600026A2D /* CSVToPDF.swift */,
				BB2E889D2A9385F800BF5DC7 /* OCR.swift */,
				BB600F142A9442D800026A2D /* LayoutAnalysis.swift */,
				BB600F182A94449F00026A2D /* ImageSharpeningEnhancement.swift */,
				BB600F1A2A94455400026A2D /* FormRecognizer.swift */,
				BB600F1E2A944B2500026A2D /* TrimCorrection.swift */,
				BB600F202A94502600026A2D /* StampInspection.swift */,
				BB600F222A9450FA00026A2D /* AddWatermark.swift */,
				BB600F242A94574600026A2D /* DeleteWatermark.swift */,
				BB600F262A94584E00026A2D /* PDFCompression.swift */,
			);
			path = samples;
			sourceTree = "<group>";
		};
		BBDA107E2A8F47AF0046A07C /* resource */ = {
			isa = PBXGroup;
			children = (
				BBAC8C192A98AE9500DB33A2 /* test_password.pdf */,
				BBAC8C152A98848500DB33A2 /* IMG_00001(2).jpg */,
				BBAC8C132A98832500DB33A2 /* IMG_00001(2).pdf */,
				BBAC8C112A98807700DB33A2 /* test_html.jpg */,
				BBAC8C0F2A987FE500DB33A2 /* test_html.pdf */,
				BB600F442A94B55900026A2D /* test.docx */,
				BB600F422A94A33800026A2D /* test.pdf */,
				BB600F402A949FA300026A2D /* test.csv */,
				BB600F3C2A949E4B00026A2D /* test.rtf */,
				BB600F382A94977B00026A2D /* test.html */,
				BB600F342A9469B600026A2D /* test.txt */,
				BB600F2E2A9467E400026A2D /* test.pptx */,
				BB600F2A2A94665D00026A2D /* test.xlsx */,
				BB600F1C2A94479300026A2D /* test2.jpg */,
				BB600F162A9443C300026A2D /* test.jpg */,
				BB2E88A12A93871400BF5DC7 /* test.png */,
			);
			path = resource;
			sourceTree = "<group>";
		};
/* End PBXGroup section */

/* Begin PBXNativeTarget section */
		BB414F192A8DF41700D30617 /* MyApiLibraryDemo */ = {
			isa = PBXNativeTarget;
			buildConfigurationList = BB414F292A8DF41900D30617 /* Build configuration list for PBXNativeTarget "MyApiLibraryDemo" */;
			buildPhases = (
				BB414F162A8DF41700D30617 /* Sources */,
				BB414F172A8DF41700D30617 /* Frameworks */,
				BB414F182A8DF41700D30617 /* Resources */,
			);
			buildRules = (
			);
			dependencies = (
			);
			name = MyApiLibraryDemo;
			productName = MyApiLibraryDemo;
			productReference = BB414F1A2A8DF41700D30617 /* MyApiLibraryDemo.app */;
			productType = "com.apple.product-type.application";
		};
/* End PBXNativeTarget section */

/* Begin PBXProject section */
		BB414F122A8DF41700D30617 /* Project object */ = {
			isa = PBXProject;
			attributes = {
				BuildIndependentTargetsInParallel = 1;
				LastSwiftUpdateCheck = 1420;
				LastUpgradeCheck = 1420;
				TargetAttributes = {
					BB414F192A8DF41700D30617 = {
						CreatedOnToolsVersion = 14.2;
					};
				};
			};
			buildConfigurationList = BB414F152A8DF41700D30617 /* Build configuration list for PBXProject "MyApiLibraryDemo" */;
			compatibilityVersion = "Xcode 14.0";
			developmentRegion = en;
			hasScannedForEncodings = 0;
			knownRegions = (
				en,
				Base,
			);
			mainGroup = BB414F112A8DF41700D30617;
			productRefGroup = BB414F1B2A8DF41700D30617 /* Products */;
			projectDirPath = "";
			projectRoot = "";
			targets = (
				BB414F192A8DF41700D30617 /* MyApiLibraryDemo */,
			);
		};
/* End PBXProject section */

/* Begin PBXResourcesBuildPhase section */
		BB414F182A8DF41700D30617 /* Resources */ = {
			isa = PBXResourcesBuildPhase;
			buildActionMask = 2147483647;
			files = (
				BB414F222A8DF41900D30617 /* Assets.xcassets in Resources */,
				BB600F412A949FA300026A2D /* test.csv in Resources */,
				BB414F252A8DF41900D30617 /* Main.storyboard in Resources */,
				BB2E88A22A93871400BF5DC7 /* test.png in Resources */,
				BB600F172A9443C300026A2D /* test.jpg in Resources */,
				BBAC8C122A98807700DB33A2 /* test_html.jpg in Resources */,
				BBAC8C1A2A98AE9500DB33A2 /* test_password.pdf in Resources */,
				BBAC8C182A988A0B00DB33A2 /* README.md in Resources */,
				BB600F2F2A9467E400026A2D /* test.pptx in Resources */,
				BB600F452A94B55900026A2D /* test.docx in Resources */,
				BBAC8C142A98832500DB33A2 /* IMG_00001(2).pdf in Resources */,
				BB600F2B2A94665D00026A2D /* test.xlsx in Resources */,
				BB600F352A9469B600026A2D /* test.txt in Resources */,
				BBAC8C102A987FE500DB33A2 /* test_html.pdf in Resources */,
				BB600F392A94977B00026A2D /* test.html in Resources */,
				BB600F3D2A949E4B00026A2D /* test.rtf in Resources */,
				BB600F1D2A94479300026A2D /* test2.jpg in Resources */,
				BB600F432A94A33800026A2D /* test.pdf in Resources */,
				BBAC8C162A98848500DB33A2 /* IMG_00001(2).jpg in Resources */,
			);
			runOnlyForDeploymentPostprocessing = 0;
		};
/* End PBXResourcesBuildPhase section */

/* Begin PBXSourcesBuildPhase section */
		BB414F162A8DF41700D30617 /* Sources */ = {
			isa = PBXSourcesBuildPhase;
			buildActionMask = 2147483647;
			files = (
				BB600F232A9450FA00026A2D /* AddWatermark.swift in Sources */,
				BB2E888E2A93600200BF5DC7 /* PDFToHTML.swift in Sources */,
				BB600F3B2A949CE500026A2D /* RTFToPDF.swift in Sources */,
				BB2E88A02A93863B00BF5DC7 /* CPDFDocumentAI.swift in Sources */,
				BB2E88862A93556B00BF5DC7 /* PDFExtract.swift in Sources */,
				BB600F1F2A944B2500026A2D /* TrimCorrection.swift in Sources */,
				BB2E88942A9365F900BF5DC7 /* PDFToRTF.swift in Sources */,
				BB2E88882A9357EB00BF5DC7 /* PDFToWord.swift in Sources */,
				BB600F272A94584E00026A2D /* PDFCompression.swift in Sources */,
				BB414F402A8DFB0100D30617 /* PDFDelete.swift in Sources */,
				BB2E88842A93531400BF5DC7 /* PDFInsert.swift in Sources */,
				BB2E889A2A936CD900BF5DC7 /* WordToPDF.swift in Sources */,
				BB2E88962A9367D900BF5DC7 /* PDFToJPG.swift in Sources */,
				BB600F372A946A1C00026A2D /* HTMLToPDF.swift in Sources */,
				BB2E88902A93622D00BF5DC7 /* PDFToTXT.swift in Sources */,
				BB414F392A8DFA7900D30617 /* CPDFException.swift in Sources */,
				BB600F252A94574600026A2D /* DeleteWatermark.swift in Sources */,
				BB414F422A8E03D600D30617 /* CPDFURL.swift in Sources */,
				BB2E889E2A9385F800BF5DC7 /* OCR.swift in Sources */,
				BB600F3F2A949EE600026A2D /* CSVToPDF.swift in Sources */,
				BB2E888C2A935DB600BF5DC7 /* PDFToPPT.swift in Sources */,
				BB2E888A2A935C3C00BF5DC7 /* PDFToExcel.swift in Sources */,
				BB650C432A9D93C900BDBF92 /* CPDFCreateTaskResult.swift in Sources */,
				BB600F192A94449F00026A2D /* ImageSharpeningEnhancement.swift in Sources */,
				BB414F202A8DF41700D30617 /* ViewController.swift in Sources */,
				BB650C3F2A9D8B1300BDBF92 /* CPDFResultMap.swift in Sources */,
				BB600F292A94654000026A2D /* ExcelToPDF.swift in Sources */,
				BB414F3D2A8DFA9200D30617 /* CPDFHttpClient.swift in Sources */,
				BB414F332A8DFA1400D30617 /* CPDFUtil.swift in Sources */,
				BB600F212A94502600026A2D /* StampInspection.swift in Sources */,
				BB650C472A9DB70500BDBF92 /* CPDFTaskInfoResult.swift in Sources */,
				BB414F352A8DFA5500D30617 /* CPDFConversion.swift in Sources */,
				BB2E88982A936ADE00BF5DC7 /* PDFToPNG.swift in Sources */,
				BBAC8C0E2A984B1F00DB33A2 /* CPDFResultFileInfo.swift in Sources */,
				BB2E88802A9342A400BF5DC7 /* PDFSplit.swift in Sources */,
				BB414F1E2A8DF41700D30617 /* AppDelegate.swift in Sources */,
				BB414F442A8E04E100D30617 /* CPDFDocumentEditor.swift in Sources */,
				BB600F1B2A94455400026A2D /* FormRecognizer.swift in Sources */,
				BB600F312A94687400026A2D /* PNGToPDF.swift in Sources */,
				BB600F332A94692700026A2D /* TXTToPDF.swift in Sources */,
				BB600F2D2A94676200026A2D /* PPTToPDF.swift in Sources */,
				BB650C412A9D913C00BDBF92 /* CPDFOauthResult.swift in Sources */,
				BB414F3B2A8DFA8700D30617 /* CPDFClient.swift in Sources */,
				BB600F152A9442D800026A2D /* LayoutAnalysis.swift in Sources */,
				BB2E88822A93463200BF5DC7 /* PDFRotation.swift in Sources */,
				BB2E88922A9364CD00BF5DC7 /* PDFToCSV.swift in Sources */,
				BB650C452A9D9C2600BDBF92 /* CPDFUploadFileResult.swift in Sources */,
				BB2E887E2A92F7DE00BF5DC7 /* PDFMerge.swift in Sources */,
			);
			runOnlyForDeploymentPostprocessing = 0;
		};
/* End PBXSourcesBuildPhase section */

/* Begin PBXVariantGroup section */
		BB414F232A8DF41900D30617 /* Main.storyboard */ = {
			isa = PBXVariantGroup;
			children = (
				BB414F242A8DF41900D30617 /* Base */,
			);
			name = Main.storyboard;
			sourceTree = "<group>";
		};
/* End PBXVariantGroup section */

/* Begin XCBuildConfiguration section */
		BB414F272A8DF41900D30617 /* Debug */ = {
			isa = XCBuildConfiguration;
			buildSettings = {
				ALWAYS_SEARCH_USER_PATHS = NO;
				CLANG_ANALYZER_NONNULL = YES;
				CLANG_ANALYZER_NUMBER_OBJECT_CONVERSION = YES_AGGRESSIVE;
				CLANG_CXX_LANGUAGE_STANDARD = "gnu++20";
				CLANG_ENABLE_MODULES = YES;
				CLANG_ENABLE_OBJC_ARC = YES;
				CLANG_ENABLE_OBJC_WEAK = YES;
				CLANG_WARN_BLOCK_CAPTURE_AUTORELEASING = YES;
				CLANG_WARN_BOOL_CONVERSION = YES;
				CLANG_WARN_COMMA = YES;
				CLANG_WARN_CONSTANT_CONVERSION = YES;
				CLANG_WARN_DEPRECATED_OBJC_IMPLEMENTATIONS = YES;
				CLANG_WARN_DIRECT_OBJC_ISA_USAGE = YES_ERROR;
				CLANG_WARN_DOCUMENTATION_COMMENTS = YES;
				CLANG_WARN_EMPTY_BODY = YES;
				CLANG_WARN_ENUM_CONVERSION = YES;
				CLANG_WARN_INFINITE_RECURSION = YES;
				CLANG_WARN_INT_CONVERSION = YES;
				CLANG_WARN_NON_LITERAL_NULL_CONVERSION = YES;
				CLANG_WARN_OBJC_IMPLICIT_RETAIN_SELF = YES;
				CLANG_WARN_OBJC_LITERAL_CONVERSION = YES;
				CLANG_WARN_OBJC_ROOT_CLASS = YES_ERROR;
				CLANG_WARN_QUOTED_INCLUDE_IN_FRAMEWORK_HEADER = YES;
				CLANG_WARN_RANGE_LOOP_ANALYSIS = YES;
				CLANG_WARN_STRICT_PROTOTYPES = YES;
				CLANG_WARN_SUSPICIOUS_MOVE = YES;
				CLANG_WARN_UNGUARDED_AVAILABILITY = YES_AGGRESSIVE;
				CLANG_WARN_UNREACHABLE_CODE = YES;
				CLANG_WARN__DUPLICATE_METHOD_MATCH = YES;
				COPY_PHASE_STRIP = NO;
				DEBUG_INFORMATION_FORMAT = dwarf;
				ENABLE_STRICT_OBJC_MSGSEND = YES;
				ENABLE_TESTABILITY = YES;
				GCC_C_LANGUAGE_STANDARD = gnu11;
				GCC_DYNAMIC_NO_PIC = NO;
				GCC_NO_COMMON_BLOCKS = YES;
				GCC_OPTIMIZATION_LEVEL = 0;
				GCC_PREPROCESSOR_DEFINITIONS = (
					"DEBUG=1",
					"$(inherited)",
				);
				GCC_WARN_64_TO_32_BIT_CONVERSION = YES;
				GCC_WARN_ABOUT_RETURN_TYPE = YES_ERROR;
				GCC_WARN_UNDECLARED_SELECTOR = YES;
				GCC_WARN_UNINITIALIZED_AUTOS = YES_AGGRESSIVE;
				GCC_WARN_UNUSED_FUNCTION = YES;
				GCC_WARN_UNUSED_VARIABLE = YES;
				GENERATE_INFOPLIST_FILE = YES;
				MACOSX_DEPLOYMENT_TARGET = 12.6;
				MTL_ENABLE_DEBUG_INFO = INCLUDE_SOURCE;
				MTL_FAST_MATH = YES;
				ONLY_ACTIVE_ARCH = YES;
				SDKROOT = macosx;
				SWIFT_ACTIVE_COMPILATION_CONDITIONS = DEBUG;
				SWIFT_OPTIMIZATION_LEVEL = "-Onone";
			};
			name = Debug;
		};
		BB414F282A8DF41900D30617 /* Release */ = {
			isa = XCBuildConfiguration;
			buildSettings = {
				ALWAYS_SEARCH_USER_PATHS = NO;
				CLANG_ANALYZER_NONNULL = YES;
				CLANG_ANALYZER_NUMBER_OBJECT_CONVERSION = YES_AGGRESSIVE;
				CLANG_CXX_LANGUAGE_STANDARD = "gnu++20";
				CLANG_ENABLE_MODULES = YES;
				CLANG_ENABLE_OBJC_ARC = YES;
				CLANG_ENABLE_OBJC_WEAK = YES;
				CLANG_WARN_BLOCK_CAPTURE_AUTORELEASING = YES;
				CLANG_WARN_BOOL_CONVERSION = YES;
				CLANG_WARN_COMMA = YES;
				CLANG_WARN_CONSTANT_CONVERSION = YES;
				CLANG_WARN_DEPRECATED_OBJC_IMPLEMENTATIONS = YES;
				CLANG_WARN_DIRECT_OBJC_ISA_USAGE = YES_ERROR;
				CLANG_WARN_DOCUMENTATION_COMMENTS = YES;
				CLANG_WARN_EMPTY_BODY = YES;
				CLANG_WARN_ENUM_CONVERSION = YES;
				CLANG_WARN_INFINITE_RECURSION = YES;
				CLANG_WARN_INT_CONVERSION = YES;
				CLANG_WARN_NON_LITERAL_NULL_CONVERSION = YES;
				CLANG_WARN_OBJC_IMPLICIT_RETAIN_SELF = YES;
				CLANG_WARN_OBJC_LITERAL_CONVERSION = YES;
				CLANG_WARN_OBJC_ROOT_CLASS = YES_ERROR;
				CLANG_WARN_QUOTED_INCLUDE_IN_FRAMEWORK_HEADER = YES;
				CLANG_WARN_RANGE_LOOP_ANALYSIS = YES;
				CLANG_WARN_STRICT_PROTOTYPES = YES;
				CLANG_WARN_SUSPICIOUS_MOVE = YES;
				CLANG_WARN_UNGUARDED_AVAILABILITY = YES_AGGRESSIVE;
				CLANG_WARN_UNREACHABLE_CODE = YES;
				CLANG_WARN__DUPLICATE_METHOD_MATCH = YES;
				COPY_PHASE_STRIP = NO;
				DEBUG_INFORMATION_FORMAT = "dwarf-with-dsym";
				ENABLE_NS_ASSERTIONS = NO;
				ENABLE_STRICT_OBJC_MSGSEND = YES;
				GCC_C_LANGUAGE_STANDARD = gnu11;
				GCC_NO_COMMON_BLOCKS = YES;
				GCC_WARN_64_TO_32_BIT_CONVERSION = YES;
				GCC_WARN_ABOUT_RETURN_TYPE = YES_ERROR;
				GCC_WARN_UNDECLARED_SELECTOR = YES;
				GCC_WARN_UNINITIALIZED_AUTOS = YES_AGGRESSIVE;
				GCC_WARN_UNUSED_FUNCTION = YES;
				GCC_WARN_UNUSED_VARIABLE = YES;
				GENERATE_INFOPLIST_FILE = YES;
				MACOSX_DEPLOYMENT_TARGET = 12.6;
				MTL_ENABLE_DEBUG_INFO = NO;
				MTL_FAST_MATH = YES;
				SDKROOT = macosx;
				SWIFT_COMPILATION_MODE = wholemodule;
				SWIFT_OPTIMIZATION_LEVEL = "-O";
			};
			name = Release;
		};
		BB414F2A2A8DF41900D30617 /* Debug */ = {
			isa = XCBuildConfiguration;
			buildSettings = {
				ASSETCATALOG_COMPILER_APPICON_NAME = AppIcon;
				ASSETCATALOG_COMPILER_GLOBAL_ACCENT_COLOR_NAME = AccentColor;
				CODE_SIGN_ENTITLEMENTS = MyApiLibraryDemo/MyApiLibraryDemo.entitlements;
				CODE_SIGN_STYLE = Automatic;
				COMBINE_HIDPI_IMAGES = YES;
				CURRENT_PROJECT_VERSION = 1;
				DEVELOPMENT_TEAM = 4GGQPGRTSV;
				ENABLE_HARDENED_RUNTIME = YES;
				GENERATE_INFOPLIST_FILE = YES;
				INFOPLIST_KEY_NSHumanReadableCopyright = "";
				INFOPLIST_KEY_NSMainStoryboardFile = Main;
				INFOPLIST_KEY_NSPrincipalClass = NSApplication;
				LD_RUNPATH_SEARCH_PATHS = (
					"$(inherited)",
					"@executable_path/../Frameworks",
				);
				MACOSX_DEPLOYMENT_TARGET = 10.13;
				MARKETING_VERSION = 1.0;
				PRODUCT_BUNDLE_IDENTIFIER = com.kdan.MyApiLibraryDemo;
				PRODUCT_NAME = "$(TARGET_NAME)";
				SWIFT_EMIT_LOC_STRINGS = YES;
				SWIFT_OBJC_BRIDGING_HEADER = "MyApiLibraryDemo/MyApiLibraryDemo-Bridging-Header.h";
				SWIFT_VERSION = 5.0;
			};
			name = Debug;
		};
		BB414F2B2A8DF41900D30617 /* Release */ = {
			isa = XCBuildConfiguration;
			buildSettings = {
				ASSETCATALOG_COMPILER_APPICON_NAME = AppIcon;
				ASSETCATALOG_COMPILER_GLOBAL_ACCENT_COLOR_NAME = AccentColor;
				CODE_SIGN_ENTITLEMENTS = MyApiLibraryDemo/MyApiLibraryDemo.entitlements;
				CODE_SIGN_STYLE = Automatic;
				COMBINE_HIDPI_IMAGES = YES;
				CURRENT_PROJECT_VERSION = 1;
				DEVELOPMENT_TEAM = 4GGQPGRTSV;
				ENABLE_HARDENED_RUNTIME = YES;
				GENERATE_INFOPLIST_FILE = YES;
				INFOPLIST_KEY_NSHumanReadableCopyright = "";
				INFOPLIST_KEY_NSMainStoryboardFile = Main;
				INFOPLIST_KEY_NSPrincipalClass = NSApplication;
				LD_RUNPATH_SEARCH_PATHS = (
					"$(inherited)",
					"@executable_path/../Frameworks",
				);
				MACOSX_DEPLOYMENT_TARGET = 10.13;
				MARKETING_VERSION = 1.0;
				PRODUCT_BUNDLE_IDENTIFIER = com.kdan.MyApiLibraryDemo;
				PRODUCT_NAME = "$(TARGET_NAME)";
				SWIFT_EMIT_LOC_STRINGS = YES;
				SWIFT_OBJC_BRIDGING_HEADER = "MyApiLibraryDemo/MyApiLibraryDemo-Bridging-Header.h";
				SWIFT_VERSION = 5.0;
			};
			name = Release;
		};
/* End XCBuildConfiguration section */

/* Begin XCConfigurationList section */
		BB414F152A8DF41700D30617 /* Build configuration list for PBXProject "MyApiLibraryDemo" */ = {
			isa = XCConfigurationList;
			buildConfigurations = (
				BB414F272A8DF41900D30617 /* Debug */,
				BB414F282A8DF41900D30617 /* Release */,
			);
			defaultConfigurationIsVisible = 0;
			defaultConfigurationName = Release;
		};
		BB414F292A8DF41900D30617 /* Build configuration list for PBXNativeTarget "MyApiLibraryDemo" */ = {
			isa = XCConfigurationList;
			buildConfigurations = (
				BB414F2A2A8DF41900D30617 /* Debug */,
				BB414F2B2A8DF41900D30617 /* Release */,
			);
			defaultConfigurationIsVisible = 0;
			defaultConfigurationName = Release;
		};
/* End XCConfigurationList section */
	};
	rootObject = BB414F122A8DF41700D30617 /* Project object */;
}
